{
    "_readme": [
        "This file locks the dependencies of your project to a known state",
        "Read more about it at https://getcomposer.org/doc/01-basic-usage.md#installing-dependencies",
        "This file is @generated automatically"
    ],
    "content-hash": "1564425d8c207df05217a760510eec03",
    "packages": [
        {
            "name": "cmb2/cmb2",
            "version": "v2.7.0",
            "source": {
                "type": "git",
                "url": "https://github.com/CMB2/CMB2.git",
                "reference": "438c26dda7ac110d0741448d65614b3ec6379034"
            },
            "dist": {
                "type": "zip",
                "url": "https://api.github.com/repos/CMB2/CMB2/zipball/438c26dda7ac110d0741448d65614b3ec6379034",
                "reference": "438c26dda7ac110d0741448d65614b3ec6379034",
                "shasum": ""
            },
            "require": {
                "php": ">5.2.4"
            },
            "require-dev": {
                "apigen/apigen": "4.1.2",
                "nette/utils": "2.5.3",
                "phpunit/phpunit": "6.5.13"
            },
            "suggest": {
                "composer/installers": "~1.0"
            },
            "type": "wordpress-plugin",
            "notification-url": "https://packagist.org/downloads/",
            "license": [
                "GPL-2.0-or-later"
            ],
            "authors": [
                {
                    "name": "Justin Sternberg",
                    "email": "justin@dsgnwrks.pro",
                    "homepage": "https://dsgnwrks.pro",
                    "role": "Developer"
                },
                {
                    "name": "WebDevStudios",
                    "email": "contact@webdevstudios.com",
                    "homepage": "https://github.com/WebDevStudios",
                    "role": "Developer"
                }
            ],
            "description": "CMB2 is a metabox, custom fields, and forms library for WordPress that will blow your mind.",
            "homepage": "https://github.com/CMB2/CMB2",
            "keywords": [
                "metabox",
                "plugin",
                "wordpress"
            ],
            "time": "2020-01-21T17:49:50+00:00"
        },
        {
            "name": "drmonty/leaflet",
            "version": "1.6.0",
            "source": {
                "type": "git",
                "url": "https://github.com/mrohnstock/leaflet.git",
                "reference": "45164225aed66ddff7b079d8a8ab90a9858fa91c"
            },
            "dist": {
                "type": "zip",
                "url": "https://api.github.com/repos/mrohnstock/leaflet/zipball/45164225aed66ddff7b079d8a8ab90a9858fa91c",
                "reference": "45164225aed66ddff7b079d8a8ab90a9858fa91c",
                "shasum": ""
            },
            "type": "component",
            "extra": {
                "component": {
                    "scripts": [
                        "js/leaflet.js"
                    ],
                    "files": [
                        "js/*.js",
                        "js/*.map",
                        "css/*.css",
                        "images/*.png"
                    ]
                }
            },
            "notification-url": "https://packagist.org/downloads/",
            "description": "JavaScript library for mobile-friendly interactive maps http://leafletjs.com",
            "homepage": "http://leafletjs.com/",
            "keywords": [
                "gis",
                "map"
            ],
            "time": "2019-11-18T06:58:49+00:00"
        },
        {
            "name": "dutchigor/cmb2-image-map",
            "version": "dev-master",
            "dist": {
                "type": "path",
                "url": "../CMB2-image-map",
                "reference": "c12db62b5205576e94c71c296fd9d9303a909eae"
            },
            "require": {
                "drmonty/leaflet": "^1.0.0",
                "php": ">7.0.0"
            },
            "type": "wordpress-plugin",
            "license": [
                "GPL-3.0-or-later"
            ],
            "authors": [
                {
                    "name": "Igor Honhoff",
                    "homepage": "https://github.com/dutchigor"
                }
            ],
            "description": "Adds image map field to CMB2, This allows a marker to be set on each field on top of a pre-defined image or map layer.",
            "homepage": "https://github.com/dutchigor/CMB2-image-map",
            "keywords": [
                "cmb2",
                "map",
                "wordpress"
            ],
            "support": {
                "issues": "https://github.com/dutchigor/CMB2-image-map/issues"
            },
            "transport-options": {
                "symlink": false
            }
        },
        {
            "name": "dutchigor/cmb2-rest-query",
            "version": "dev-master",
            "source": {
                "type": "git",
                "url": "https://github.com/dutchigor/CMB2-rest-query.git",
                "reference": "4a8896701ab9feca1ab3bb3b070328fb6815a567"
            },
            "dist": {
                "type": "zip",
                "url": "https://api.github.com/repos/dutchigor/CMB2-rest-query/zipball/4a8896701ab9feca1ab3bb3b070328fb6815a567",
                "reference": "4a8896701ab9feca1ab3bb3b070328fb6815a567",
                "shasum": ""
            },
            "require": {
                "php": ">7.0.0"
            },
            "type": "wordpress-plugin",
            "notification-url": "https://packagist.org/downloads/",
            "license": [
                "GPL-3.0-or-later"
            ],
            "authors": [
                {
                    "name": "Igor Honhoff",
                    "homepage": "https://github.com/dutchigor"
                }
            ],
            "description": "Adds a query parameter to the REST API for any CMB2 field that has the property rest_query set on it.",
            "homepage": "https://github.com/dutchigor/CMB2-rest-query",
            "keywords": [
                "CMB2",
                "metabox",
                "rest",
                "search",
                "wordpress"
            ],
            "time": "2020-03-30T11:24:54+00:00"
        },
        {
            "name": "jcchavezs/cmb2-conditionals",
            "version": "dev-master",
            "source": {
                "type": "git",
                "url": "https://github.com/jcchavezs/cmb2-conditionals.git",
                "reference": "6c8cafc3d1fdfd5780642cf696e4df120d540377"
            },
            "dist": {
                "type": "zip",
                "url": "https://api.github.com/repos/jcchavezs/cmb2-conditionals/zipball/6c8cafc3d1fdfd5780642cf696e4df120d540377",
                "reference": "6c8cafc3d1fdfd5780642cf696e4df120d540377",
                "shasum": ""
            },
            "require": {
                "cmb2/cmb2": "~v2.0",
                "php": ">5.2.4"
            },
            "suggest": {
                "composer/installers": "~1.0"
            },
            "type": "wordpress-plugin",
            "notification-url": "https://packagist.org/downloads/",
            "license": [
                "GPL-2.0+"
            ],
            "authors": [
                {
                    "name": "José Carlos Chávez",
                    "email": "jcchavezs@gmail.com",
                    "homepage": "https://github.com/jcchavezs",
                    "role": "Developer"
                }
            ],
            "description": "CMB2 Conditionals is a plugin for CMB2 which allows developers to relate fields so one of them could only appear when one other have an specific value or when is not empty.",
            "homepage": "https://github.com/jcchavezs/cmb2-conditionals",
            "keywords": [
                "conditionals",
                "metabox",
                "plugin",
                "wordpress"
            ],
            "time": "2019-04-24T12:14:30+00:00"
        }
    ],
    "packages-dev": [],
    "aliases": [],
    "minimum-stability": "dev",
    "stability-flags": {
        "jcchavezs/cmb2-conditionals": 20,
        "dutchigor/cmb2-rest-query": 20,
        "dutchigor/cmb2-image-map": 20
    },
    "prefer-stable": false,
    "prefer-lowest": false,
    "platform": [],
    "platform-dev": []
}
